
Microsoft Visual Studio Solution File, Format Version 12.00
# Visual Studio 15
VisualStudioVersion = 15.0.27130.2027
MinimumVisualStudioVersion = 10.0.40219.1
Project("{9A19103F-16F7-4668-BE54-9A1E7A4F7556}") = "API-BoilerPlate.API", "API-BoilerPlate.API\API-BoilerPlate.API.csproj", "{E033D631-32F7-4B22-98FE-C661F41CF33C}"
EndProject
Project("{FAE04EC0-301F-11D3-BF4B-00C04F79EFBC}") = "API-BoilerPlate.BRL", "API-BoilerPlate.BRL\API-BoilerPlate.BRL.csproj", "{850D3CAC-B2BB-4319-9EE5-81C8716AC914}"
EndProject
Project("{FAE04EC0-301F-11D3-BF4B-00C04F79EFBC}") = "API-BoilerPlate.Services", "API-BoilerPlate.Services\API-BoilerPlate.Services.csproj", "{17FA0C50-C0BD-48B4-B5AC-0EBFC03D2407}"
EndProject
Project("{FAE04EC0-301F-11D3-BF4B-00C04F79EFBC}") = "API-BoilerPlate.DAL", "API-BoilerPlate.DAL\API-BoilerPlate.DAL.csproj", "{7E3231B7-AA6B-4C1A-AEE4-48ADDC966B7D}"
EndProject
Project("{FAE04EC0-301F-11D3-BF4B-00C04F79EFBC}") = "API-BoilerPlate.Test", "API-BoilerPlate.Test\API-BoilerPlate.Test.csproj", "{844B4247-60CF-4868-8787-1CFDBDBE11D0}"
EndProject
Global
	GlobalSection(SolutionConfigurationPlatforms) = preSolution
		Debug|Any CPU = Debug|Any CPU
		Release|Any CPU = Release|Any CPU
	EndGlobalSection
	GlobalSection(ProjectConfigurationPlatforms) = postSolution
		{E033D631-32F7-4B22-98FE-C661F41CF33C}.Debug|Any CPU.ActiveCfg = Debug|Any CPU
		{E033D631-32F7-4B22-98FE-C661F41CF33C}.Debug|Any CPU.Build.0 = Debug|Any CPU
		{E033D631-32F7-4B22-98FE-C661F41CF33C}.Release|Any CPU.ActiveCfg = Release|Any CPU
		{E033D631-32F7-4B22-98FE-C661F41CF33C}.Release|Any CPU.Build.0 = Release|Any CPU
		{850D3CAC-B2BB-4319-9EE5-81C8716AC914}.Debug|Any CPU.ActiveCfg = Debug|Any CPU
		{850D3CAC-B2BB-4319-9EE5-81C8716AC914}.Debug|Any CPU.Build.0 = Debug|Any CPU
		{850D3CAC-B2BB-4319-9EE5-81C8716AC914}.Release|Any CPU.ActiveCfg = Release|Any CPU
		{850D3CAC-B2BB-4319-9EE5-81C8716AC914}.Release|Any CPU.Build.0 = Release|Any CPU
		{17FA0C50-C0BD-48B4-B5AC-0EBFC03D2407}.Debug|Any CPU.ActiveCfg = Debug|Any CPU
		{17FA0C50-C0BD-48B4-B5AC-0EBFC03D2407}.Debug|Any CPU.Build.0 = Debug|Any CPU
		{17FA0C50-C0BD-48B4-B5AC-0EBFC03D2407}.Release|Any CPU.ActiveCfg = Release|Any CPU
		{17FA0C50-C0BD-48B4-B5AC-0EBFC03D2407}.Release|Any CPU.Build.0 = Release|Any CPU
		{7E3231B7-AA6B-4C1A-AEE4-48ADDC966B7D}.Debug|Any CPU.ActiveCfg = Debug|Any CPU
		{7E3231B7-AA6B-4C1A-AEE4-48ADDC966B7D}.Debug|Any CPU.Build.0 = Debug|Any CPU
		{7E3231B7-AA6B-4C1A-AEE4-48ADDC966B7D}.Release|Any CPU.ActiveCfg = Release|Any CPU
		{7E3231B7-AA6B-4C1A-AEE4-48ADDC966B7D}.Release|Any CPU.Build.0 = Release|Any CPU
		{844B4247-60CF-4868-8787-1CFDBDBE11D0}.Debug|Any CPU.ActiveCfg = Debug|Any CPU
		{844B4247-60CF-4868-8787-1CFDBDBE11D0}.Debug|Any CPU.Build.0 = Debug|Any CPU
		{844B4247-60CF-4868-8787-1CFDBDBE11D0}.Release|Any CPU.ActiveCfg = Release|Any CPU
		{844B4247-60CF-4868-8787-1CFDBDBE11D0}.Release|Any CPU.Build.0 = Release|Any CPU
	EndGlobalSection
	GlobalSection(SolutionProperties) = preSolution
		HideSolutionNode = FALSE
	EndGlobalSection
	GlobalSection(ExtensibilityGlobals) = postSolution
		SolutionGuid = {8E0434C3-75CD-41F6-958D-765ABBB241E4}
	EndGlobalSection
EndGlobal
